
Microsoft Visual Studio Solution File, Format Version 12.00
# Visual Studio Version 17
VisualStudioVersion = 17.9.34714.143
MinimumVisualStudioVersion = 10.0.40219.1
Project("{FAE04EC0-301F-11D3-BF4B-00C04F79EFBC}") = "RumoRestaurantes", "RumoRestaurantes\RumoRestaurantes.csproj", "{DFB79A6D-EEE3-491A-B9EF-A39F18CE07BA}"
EndProject
Global
	GlobalSection(SolutionConfigurationPlatforms) = preSolution
		Debug|Any CPU = Debug|Any CPU
		Release|Any CPU = Release|Any CPU
	EndGlobalSection
	GlobalSection(ProjectConfigurationPlatforms) = postSolution
		{DFB79A6D-EEE3-491A-B9EF-A39F18CE07BA}.Debug|Any CPU.ActiveCfg = Debug|Any CPU
		{DFB79A6D-EEE3-491A-B9EF-A39F18CE07BA}.Debug|Any CPU.Build.0 = Debug|Any CPU
		{DFB79A6D-EEE3-491A-B9EF-A39F18CE07BA}.Release|Any CPU.ActiveCfg = Release|Any CPU
		{DFB79A6D-EEE3-491A-B9EF-A39F18CE07BA}.Release|Any CPU.Build.0 = Release|Any CPU
	EndGlobalSection
	GlobalSection(SolutionProperties) = preSolution
		HideSolutionNode = FALSE
	EndGlobalSection
	GlobalSection(ExtensibilityGlobals) = postSolution
		SolutionGuid = {7684CDF7-D9D2-4FF1-8281-FE5DA5597079}
	EndGlobalSection
EndGlobal
